// !$*UTF8*$!
{
	archiveVersion = 1;
	classes = {
	};
	objectVersion = 56;
	objects = {

/* Begin PBXBuildFile section */
		1160009E2A68F35300C6CA44 /* SubSelesaiView.swift in Sources */ = {isa = PBXBuildFile; fileRef = 1160009D2A68F35300C6CA44 /* SubSelesaiView.swift */; };
		116000A42A68F40900C6CA44 /* ComponentTrack.swift in Sources */ = {isa = PBXBuildFile; fileRef = 116000A32A68F40900C6CA44 /* ComponentTrack.swift */; };
		116000A62A69054C00C6CA44 /* SubBatalView.swift in Sources */ = {isa = PBXBuildFile; fileRef = 116000A52A69054C00C6CA44 /* SubBatalView.swift */; };
		11D8A89F2A60FCB000C71BAC /* LostAndfoundApp.swift in Sources */ = {isa = PBXBuildFile; fileRef = 11D8A89E2A60FCB000C71BAC /* LostAndfoundApp.swift */; };
		11D8A8A12A60FCB000C71BAC /* ContentView.swift in Sources */ = {isa = PBXBuildFile; fileRef = 11D8A8A02A60FCB000C71BAC /* ContentView.swift */; };
		11D8A8A32A60FCB100C71BAC /* Assets.xcassets in Resources */ = {isa = PBXBuildFile; fileRef = 11D8A8A22A60FCB100C71BAC /* Assets.xcassets */; };
		11D8A8A62A60FCB100C71BAC /* Preview Assets.xcassets in Resources */ = {isa = PBXBuildFile; fileRef = 11D8A8A52A60FCB100C71BAC /* Preview Assets.xcassets */; };
		2A0AFAB12A69FE1F00F08BC9 /* EffectStyle.swift in Sources */ = {isa = PBXBuildFile; fileRef = 2A0AFAB02A69FE1F00F08BC9 /* EffectStyle.swift */; };
		2A0AFAB32A69FE2600F08BC9 /* ButtonStyle.swift in Sources */ = {isa = PBXBuildFile; fileRef = 2A0AFAB22A69FE2600F08BC9 /* ButtonStyle.swift */; };
		2A0AFAB52A69FE2E00F08BC9 /* FontStyle.swift in Sources */ = {isa = PBXBuildFile; fileRef = 2A0AFAB42A69FE2E00F08BC9 /* FontStyle.swift */; };
		DBF4175D2A6819DB00E70C2F /* FirebaseAnalytics in Frameworks */ = {isa = PBXBuildFile; productRef = DBF4175C2A6819DB00E70C2F /* FirebaseAnalytics */; };
		DBF4175F2A6819DB00E70C2F /* FirebaseAnalyticsSwift in Frameworks */ = {isa = PBXBuildFile; productRef = DBF4175E2A6819DB00E70C2F /* FirebaseAnalyticsSwift */; };
		DBF417612A6819DB00E70C2F /* FirebaseDatabase in Frameworks */ = {isa = PBXBuildFile; productRef = DBF417602A6819DB00E70C2F /* FirebaseDatabase */; };
		DBF417632A6819DB00E70C2F /* FirebaseDatabaseSwift in Frameworks */ = {isa = PBXBuildFile; productRef = DBF417622A6819DB00E70C2F /* FirebaseDatabaseSwift */; };
		DBF417652A6819DB00E70C2F /* FirebaseFirestore in Frameworks */ = {isa = PBXBuildFile; productRef = DBF417642A6819DB00E70C2F /* FirebaseFirestore */; };
		DBF417672A6819DB00E70C2F /* FirebaseFirestoreSwift in Frameworks */ = {isa = PBXBuildFile; productRef = DBF417662A6819DB00E70C2F /* FirebaseFirestoreSwift */; };
		DBF417692A6819DB00E70C2F /* FirebaseStorage in Frameworks */ = {isa = PBXBuildFile; productRef = DBF417682A6819DB00E70C2F /* FirebaseStorage */; };
		DBF4176B2A6819DB00E70C2F /* FirebaseStorageCombine-Community in Frameworks */ = {isa = PBXBuildFile; productRef = DBF4176A2A6819DB00E70C2F /* FirebaseStorageCombine-Community */; };
		DBF4176D2A681ADE00E70C2F /* GoogleService-Info.plist in Resources */ = {isa = PBXBuildFile; fileRef = DBF4176C2A681ADE00E70C2F /* GoogleService-Info.plist */; };
		DBF417702A681DD600E70C2F /* WriteViewModel.swift in Sources */ = {isa = PBXBuildFile; fileRef = DBF4176F2A681DD600E70C2F /* WriteViewModel.swift */; };
		DBF417722A681E9700E70C2F /* LandingPageView.swift in Sources */ = {isa = PBXBuildFile; fileRef = DBF417712A681E9700E70C2F /* LandingPageView.swift */; };
		DBF417742A68213A00E70C2F /* ReadViewModel.swift in Sources */ = {isa = PBXBuildFile; fileRef = DBF417732A68213A00E70C2F /* ReadViewModel.swift */; };
/* End PBXBuildFile section */

/* Begin PBXFileReference section */
		1160009D2A68F35300C6CA44 /* SubSelesaiView.swift */ = {isa = PBXFileReference; lastKnownFileType = sourcecode.swift; path = SubSelesaiView.swift; sourceTree = "<group>"; };
		116000A32A68F40900C6CA44 /* ComponentTrack.swift */ = {isa = PBXFileReference; lastKnownFileType = sourcecode.swift; path = ComponentTrack.swift; sourceTree = "<group>"; };
		116000A52A69054C00C6CA44 /* SubBatalView.swift */ = {isa = PBXFileReference; lastKnownFileType = sourcecode.swift; path = SubBatalView.swift; sourceTree = "<group>"; };
		11D8A89B2A60FCB000C71BAC /* LostAndfound.app */ = {isa = PBXFileReference; explicitFileType = wrapper.application; includeInIndex = 0; path = LostAndfound.app; sourceTree = BUILT_PRODUCTS_DIR; };
		11D8A89E2A60FCB000C71BAC /* LostAndfoundApp.swift */ = {isa = PBXFileReference; lastKnownFileType = sourcecode.swift; path = LostAndfoundApp.swift; sourceTree = "<group>"; };
		11D8A8A02A60FCB000C71BAC /* ContentView.swift */ = {isa = PBXFileReference; lastKnownFileType = sourcecode.swift; path = ContentView.swift; sourceTree = "<group>"; };
		11D8A8A22A60FCB100C71BAC /* Assets.xcassets */ = {isa = PBXFileReference; lastKnownFileType = folder.assetcatalog; path = Assets.xcassets; sourceTree = "<group>"; };
		11D8A8A52A60FCB100C71BAC /* Preview Assets.xcassets */ = {isa = PBXFileReference; lastKnownFileType = folder.assetcatalog; path = "Preview Assets.xcassets"; sourceTree = "<group>"; };
		2A0AFAB02A69FE1F00F08BC9 /* EffectStyle.swift */ = {isa = PBXFileReference; lastKnownFileType = sourcecode.swift; path = EffectStyle.swift; sourceTree = "<group>"; };
		2A0AFAB22A69FE2600F08BC9 /* ButtonStyle.swift */ = {isa = PBXFileReference; lastKnownFileType = sourcecode.swift; path = ButtonStyle.swift; sourceTree = "<group>"; };
		2A0AFAB42A69FE2E00F08BC9 /* FontStyle.swift */ = {isa = PBXFileReference; lastKnownFileType = sourcecode.swift; path = FontStyle.swift; sourceTree = "<group>"; };
		DBF4176C2A681ADE00E70C2F /* GoogleService-Info.plist */ = {isa = PBXFileReference; fileEncoding = 4; lastKnownFileType = text.plist.xml; path = "GoogleService-Info.plist"; sourceTree = "<group>"; };
		DBF4176E2A681BAD00E70C2F /* Info.plist */ = {isa = PBXFileReference; lastKnownFileType = text.plist; path = Info.plist; sourceTree = "<group>"; };
		DBF4176F2A681DD600E70C2F /* WriteViewModel.swift */ = {isa = PBXFileReference; lastKnownFileType = sourcecode.swift; path = WriteViewModel.swift; sourceTree = "<group>"; };
		DBF417712A681E9700E70C2F /* LandingPageView.swift */ = {isa = PBXFileReference; lastKnownFileType = sourcecode.swift; path = LandingPageView.swift; sourceTree = "<group>"; };
		DBF417732A68213A00E70C2F /* ReadViewModel.swift */ = {isa = PBXFileReference; lastKnownFileType = sourcecode.swift; path = ReadViewModel.swift; sourceTree = "<group>"; };
/* End PBXFileReference section */

/* Begin PBXFrameworksBuildPhase section */
		11D8A8982A60FCB000C71BAC /* Frameworks */ = {
			isa = PBXFrameworksBuildPhase;
			buildActionMask = 2147483647;
			files = (
				DBF417632A6819DB00E70C2F /* FirebaseDatabaseSwift in Frameworks */,
				DBF417612A6819DB00E70C2F /* FirebaseDatabase in Frameworks */,
				DBF4176B2A6819DB00E70C2F /* FirebaseStorageCombine-Community in Frameworks */,
				DBF4175F2A6819DB00E70C2F /* FirebaseAnalyticsSwift in Frameworks */,
				DBF417652A6819DB00E70C2F /* FirebaseFirestore in Frameworks */,
				DBF417692A6819DB00E70C2F /* FirebaseStorage in Frameworks */,
				DBF4175D2A6819DB00E70C2F /* FirebaseAnalytics in Frameworks */,
				DBF417672A6819DB00E70C2F /* FirebaseFirestoreSwift in Frameworks */,
			);
			runOnlyForDeploymentPostprocessing = 0;
		};
/* End PBXFrameworksBuildPhase section */

/* Begin PBXGroup section */
		1160009A2A68F29000C6CA44 /* View */ = {
			isa = PBXGroup;
			children = (
				116000A22A68F3E500C6CA44 /* ComponentView */,
				1160009D2A68F35300C6CA44 /* SubSelesaiView.swift */,
				116000A52A69054C00C6CA44 /* SubBatalView.swift */,
			);
			path = View;
			sourceTree = "<group>";
		};
		1160009F2A68F36B00C6CA44 /* Model */ = {
			isa = PBXGroup;
			children = (
			);
			path = Model;
			sourceTree = "<group>";
		};
		116000A02A68F37300C6CA44 /* ViewModel */ = {
			isa = PBXGroup;
			children = (
			);
			path = ViewModel;
			sourceTree = "<group>";
		};
		116000A22A68F3E500C6CA44 /* ComponentView */ = {
			isa = PBXGroup;
			children = (
				116000A32A68F40900C6CA44 /* ComponentTrack.swift */,
			);
			path = ComponentView;
			sourceTree = "<group>";
		};
		11D8A8922A60FCB000C71BAC = {
			isa = PBXGroup;
			children = (
				11D8A89D2A60FCB000C71BAC /* LostAndfound */,
				11D8A89C2A60FCB000C71BAC /* Products */,
			);
			sourceTree = "<group>";
		};
		11D8A89C2A60FCB000C71BAC /* Products */ = {
			isa = PBXGroup;
			children = (
				11D8A89B2A60FCB000C71BAC /* LostAndfound.app */,
			);
			name = Products;
			sourceTree = "<group>";
		};
		11D8A89D2A60FCB000C71BAC /* LostAndfound */ = {
			isa = PBXGroup;
			children = (
				1160009F2A68F36B00C6CA44 /* Model */,
				116000A02A68F37300C6CA44 /* ViewModel */,
				1160009A2A68F29000C6CA44 /* View */,
				DBF4176E2A681BAD00E70C2F /* Info.plist */,
				2A0AFAAF2A69FD2600F08BC9 /* Constant */,
				DBF4176C2A681ADE00E70C2F /* GoogleService-Info.plist */,
				DBF4176E2A681BAD00E70C2F /* Info.plist */,
				11D8A89E2A60FCB000C71BAC /* LostAndfoundApp.swift */,
				11D8A8A02A60FCB000C71BAC /* ContentView.swift */,
				DBF4176F2A681DD600E70C2F /* WriteViewModel.swift */,
				DBF417732A68213A00E70C2F /* ReadViewModel.swift */,
				DBF417712A681E9700E70C2F /* LandingPageView.swift */,
				11D8A8A22A60FCB100C71BAC /* Assets.xcassets */,
				11D8A8A42A60FCB100C71BAC /* Preview Content */,
			);
			path = LostAndfound;
			sourceTree = "<group>";
		};
		11D8A8A42A60FCB100C71BAC /* Preview Content */ = {
			isa = PBXGroup;
			children = (
				11D8A8A52A60FCB100C71BAC /* Preview Assets.xcassets */,
			);
			path = "Preview Content";
			sourceTree = "<group>";
		};
		2A0AFAAF2A69FD2600F08BC9 /* Constant */ = {
			isa = PBXGroup;
			children = (
				2A0AFAB02A69FE1F00F08BC9 /* EffectStyle.swift */,
				2A0AFAB22A69FE2600F08BC9 /* ButtonStyle.swift */,
				2A0AFAB42A69FE2E00F08BC9 /* FontStyle.swift */,
			);
			path = Constant;
			sourceTree = "<group>";
		};
/* End PBXGroup section */

/* Begin PBXNativeTarget section */
		11D8A89A2A60FCB000C71BAC /* LostAndfound */ = {
			isa = PBXNativeTarget;
			buildConfigurationList = 11D8A8A92A60FCB100C71BAC /* Build configuration list for PBXNativeTarget "LostAndfound" */;
			buildPhases = (
				11D8A8972A60FCB000C71BAC /* Sources */,
				11D8A8982A60FCB000C71BAC /* Frameworks */,
				11D8A8992A60FCB000C71BAC /* Resources */,
			);
			buildRules = (
			);
			dependencies = (
			);
			name = LostAndfound;
			packageProductDependencies = (
				DBF4175C2A6819DB00E70C2F /* FirebaseAnalytics */,
				DBF4175E2A6819DB00E70C2F /* FirebaseAnalyticsSwift */,
				DBF417602A6819DB00E70C2F /* FirebaseDatabase */,
				DBF417622A6819DB00E70C2F /* FirebaseDatabaseSwift */,
				DBF417642A6819DB00E70C2F /* FirebaseFirestore */,
				DBF417662A6819DB00E70C2F /* FirebaseFirestoreSwift */,
				DBF417682A6819DB00E70C2F /* FirebaseStorage */,
				DBF4176A2A6819DB00E70C2F /* FirebaseStorageCombine-Community */,
			);
			productName = LostAndfound;
			productReference = 11D8A89B2A60FCB000C71BAC /* LostAndfound.app */;
			productType = "com.apple.product-type.application";
		};
/* End PBXNativeTarget section */

/* Begin PBXProject section */
		11D8A8932A60FCB000C71BAC /* Project object */ = {
			isa = PBXProject;
			attributes = {
				BuildIndependentTargetsInParallel = 1;
				LastSwiftUpdateCheck = 1430;
				LastUpgradeCheck = 1430;
				TargetAttributes = {
					11D8A89A2A60FCB000C71BAC = {
						CreatedOnToolsVersion = 14.3;
					};
				};
			};
			buildConfigurationList = 11D8A8962A60FCB000C71BAC /* Build configuration list for PBXProject "LostAndfound" */;
			compatibilityVersion = "Xcode 14.0";
			developmentRegion = en;
			hasScannedForEncodings = 0;
			knownRegions = (
				en,
				Base,
			);
			mainGroup = 11D8A8922A60FCB000C71BAC;
			packageReferences = (
				DBF4175B2A6819DB00E70C2F /* XCRemoteSwiftPackageReference "firebase-ios-sdk" */,
			);
			productRefGroup = 11D8A89C2A60FCB000C71BAC /* Products */;
			projectDirPath = "";
			projectRoot = "";
			targets = (
				11D8A89A2A60FCB000C71BAC /* LostAndfound */,
			);
		};
/* End PBXProject section */

/* Begin PBXResourcesBuildPhase section */
		11D8A8992A60FCB000C71BAC /* Resources */ = {
			isa = PBXResourcesBuildPhase;
			buildActionMask = 2147483647;
			files = (
				11D8A8A62A60FCB100C71BAC /* Preview Assets.xcassets in Resources */,
				11D8A8A32A60FCB100C71BAC /* Assets.xcassets in Resources */,
				DBF4176D2A681ADE00E70C2F /* GoogleService-Info.plist in Resources */,
			);
			runOnlyForDeploymentPostprocessing = 0;
		};
/* End PBXResourcesBuildPhase section */

/* Begin PBXSourcesBuildPhase section */
		11D8A8972A60FCB000C71BAC /* Sources */ = {
			isa = PBXSourcesBuildPhase;
			buildActionMask = 2147483647;
			files = (
				DBF417702A681DD600E70C2F /* WriteViewModel.swift in Sources */,
				DBF417722A681E9700E70C2F /* LandingPageView.swift in Sources */,
				116000A42A68F40900C6CA44 /* ComponentTrack.swift in Sources */,
				1160009E2A68F35300C6CA44 /* SubSelesaiView.swift in Sources */,
				2A0AFAB52A69FE2E00F08BC9 /* FontStyle.swift in Sources */,
				2A0AFAB12A69FE1F00F08BC9 /* EffectStyle.swift in Sources */,
				11D8A8A12A60FCB000C71BAC /* ContentView.swift in Sources */,
				11D8A89F2A60FCB000C71BAC /* LostAndfoundApp.swift in Sources */,
				116000A62A69054C00C6CA44 /* SubBatalView.swift in Sources */,
				DBF417742A68213A00E70C2F /* ReadViewModel.swift in Sources */,
				2A0AFAB32A69FE2600F08BC9 /* ButtonStyle.swift in Sources */,
			);
			runOnlyForDeploymentPostprocessing = 0;
		};
/* End PBXSourcesBuildPhase section */

/* Begin XCBuildConfiguration section */
		11D8A8A72A60FCB100C71BAC /* Debug */ = {
			isa = XCBuildConfiguration;
			buildSettings = {
				ALWAYS_SEARCH_USER_PATHS = NO;
				CLANG_ANALYZER_NONNULL = YES;
				CLANG_ANALYZER_NUMBER_OBJECT_CONVERSION = YES_AGGRESSIVE;
				CLANG_CXX_LANGUAGE_STANDARD = "gnu++20";
				CLANG_ENABLE_MODULES = YES;
				CLANG_ENABLE_OBJC_ARC = YES;
				CLANG_ENABLE_OBJC_WEAK = YES;
				CLANG_WARN_BLOCK_CAPTURE_AUTORELEASING = YES;
				CLANG_WARN_BOOL_CONVERSION = YES;
				CLANG_WARN_COMMA = YES;
				CLANG_WARN_CONSTANT_CONVERSION = YES;
				CLANG_WARN_DEPRECATED_OBJC_IMPLEMENTATIONS = YES;
				CLANG_WARN_DIRECT_OBJC_ISA_USAGE = YES_ERROR;
				CLANG_WARN_DOCUMENTATION_COMMENTS = YES;
				CLANG_WARN_EMPTY_BODY = YES;
				CLANG_WARN_ENUM_CONVERSION = YES;
				CLANG_WARN_INFINITE_RECURSION = YES;
				CLANG_WARN_INT_CONVERSION = YES;
				CLANG_WARN_NON_LITERAL_NULL_CONVERSION = YES;
				CLANG_WARN_OBJC_IMPLICIT_RETAIN_SELF = YES;
				CLANG_WARN_OBJC_LITERAL_CONVERSION = YES;
				CLANG_WARN_OBJC_ROOT_CLASS = YES_ERROR;
				CLANG_WARN_QUOTED_INCLUDE_IN_FRAMEWORK_HEADER = YES;
				CLANG_WARN_RANGE_LOOP_ANALYSIS = YES;
				CLANG_WARN_STRICT_PROTOTYPES = YES;
				CLANG_WARN_SUSPICIOUS_MOVE = YES;
				CLANG_WARN_UNGUARDED_AVAILABILITY = YES_AGGRESSIVE;
				CLANG_WARN_UNREACHABLE_CODE = YES;
				CLANG_WARN__DUPLICATE_METHOD_MATCH = YES;
				COPY_PHASE_STRIP = NO;
				DEBUG_INFORMATION_FORMAT = dwarf;
				ENABLE_STRICT_OBJC_MSGSEND = YES;
				ENABLE_TESTABILITY = YES;
				GCC_C_LANGUAGE_STANDARD = gnu11;
				GCC_DYNAMIC_NO_PIC = NO;
				GCC_NO_COMMON_BLOCKS = YES;
				GCC_OPTIMIZATION_LEVEL = 0;
				GCC_PREPROCESSOR_DEFINITIONS = (
					"DEBUG=1",
					"$(inherited)",
				);
				GCC_WARN_64_TO_32_BIT_CONVERSION = YES;
				GCC_WARN_ABOUT_RETURN_TYPE = YES_ERROR;
				GCC_WARN_UNDECLARED_SELECTOR = YES;
				GCC_WARN_UNINITIALIZED_AUTOS = YES_AGGRESSIVE;
				GCC_WARN_UNUSED_FUNCTION = YES;
				GCC_WARN_UNUSED_VARIABLE = YES;
				IPHONEOS_DEPLOYMENT_TARGET = 16.4;
				MTL_ENABLE_DEBUG_INFO = INCLUDE_SOURCE;
				MTL_FAST_MATH = YES;
				ONLY_ACTIVE_ARCH = YES;
				SDKROOT = iphoneos;
				SWIFT_ACTIVE_COMPILATION_CONDITIONS = DEBUG;
				SWIFT_OPTIMIZATION_LEVEL = "-Onone";
			};
			name = Debug;
		};
		11D8A8A82A60FCB100C71BAC /* Release */ = {
			isa = XCBuildConfiguration;
			buildSettings = {
				ALWAYS_SEARCH_USER_PATHS = NO;
				CLANG_ANALYZER_NONNULL = YES;
				CLANG_ANALYZER_NUMBER_OBJECT_CONVERSION = YES_AGGRESSIVE;
				CLANG_CXX_LANGUAGE_STANDARD = "gnu++20";
				CLANG_ENABLE_MODULES = YES;
				CLANG_ENABLE_OBJC_ARC = YES;
				CLANG_ENABLE_OBJC_WEAK = YES;
				CLANG_WARN_BLOCK_CAPTURE_AUTORELEASING = YES;
				CLANG_WARN_BOOL_CONVERSION = YES;
				CLANG_WARN_COMMA = YES;
				CLANG_WARN_CONSTANT_CONVERSION = YES;
				CLANG_WARN_DEPRECATED_OBJC_IMPLEMENTATIONS = YES;
				CLANG_WARN_DIRECT_OBJC_ISA_USAGE = YES_ERROR;
				CLANG_WARN_DOCUMENTATION_COMMENTS = YES;
				CLANG_WARN_EMPTY_BODY = YES;
				CLANG_WARN_ENUM_CONVERSION = YES;
				CLANG_WARN_INFINITE_RECURSION = YES;
				CLANG_WARN_INT_CONVERSION = YES;
				CLANG_WARN_NON_LITERAL_NULL_CONVERSION = YES;
				CLANG_WARN_OBJC_IMPLICIT_RETAIN_SELF = YES;
				CLANG_WARN_OBJC_LITERAL_CONVERSION = YES;
				CLANG_WARN_OBJC_ROOT_CLASS = YES_ERROR;
				CLANG_WARN_QUOTED_INCLUDE_IN_FRAMEWORK_HEADER = YES;
				CLANG_WARN_RANGE_LOOP_ANALYSIS = YES;
				CLANG_WARN_STRICT_PROTOTYPES = YES;
				CLANG_WARN_SUSPICIOUS_MOVE = YES;
				CLANG_WARN_UNGUARDED_AVAILABILITY = YES_AGGRESSIVE;
				CLANG_WARN_UNREACHABLE_CODE = YES;
				CLANG_WARN__DUPLICATE_METHOD_MATCH = YES;
				COPY_PHASE_STRIP = NO;
				DEBUG_INFORMATION_FORMAT = "dwarf-with-dsym";
				ENABLE_NS_ASSERTIONS = NO;
				ENABLE_STRICT_OBJC_MSGSEND = YES;
				GCC_C_LANGUAGE_STANDARD = gnu11;
				GCC_NO_COMMON_BLOCKS = YES;
				GCC_WARN_64_TO_32_BIT_CONVERSION = YES;
				GCC_WARN_ABOUT_RETURN_TYPE = YES_ERROR;
				GCC_WARN_UNDECLARED_SELECTOR = YES;
				GCC_WARN_UNINITIALIZED_AUTOS = YES_AGGRESSIVE;
				GCC_WARN_UNUSED_FUNCTION = YES;
				GCC_WARN_UNUSED_VARIABLE = YES;
				IPHONEOS_DEPLOYMENT_TARGET = 16.4;
				MTL_ENABLE_DEBUG_INFO = NO;
				MTL_FAST_MATH = YES;
				SDKROOT = iphoneos;
				SWIFT_COMPILATION_MODE = wholemodule;
				SWIFT_OPTIMIZATION_LEVEL = "-O";
				VALIDATE_PRODUCT = YES;
			};
			name = Release;
		};
		11D8A8AA2A60FCB100C71BAC /* Debug */ = {
			isa = XCBuildConfiguration;
			buildSettings = {
				ASSETCATALOG_COMPILER_APPICON_NAME = AppIcon;
				ASSETCATALOG_COMPILER_GLOBAL_ACCENT_COLOR_NAME = AccentColor;
				CODE_SIGN_STYLE = Automatic;
				CURRENT_PROJECT_VERSION = 1;
				DEVELOPMENT_ASSET_PATHS = "\"LostAndfound/Preview Content\"";
				DEVELOPMENT_TEAM = YFKGQ4XFH3;
				ENABLE_PREVIEWS = YES;
				GENERATE_INFOPLIST_FILE = YES;
				INFOPLIST_FILE = LostAndfound/Info.plist;
				INFOPLIST_KEY_UIApplicationSceneManifest_Generation = YES;
				INFOPLIST_KEY_UIApplicationSupportsIndirectInputEvents = YES;
				INFOPLIST_KEY_UILaunchScreen_Generation = YES;
				INFOPLIST_KEY_UISupportedInterfaceOrientations_iPad = "UIInterfaceOrientationPortrait UIInterfaceOrientationPortraitUpsideDown UIInterfaceOrientationLandscapeLeft UIInterfaceOrientationLandscapeRight";
				INFOPLIST_KEY_UISupportedInterfaceOrientations_iPhone = "UIInterfaceOrientationPortrait UIInterfaceOrientationLandscapeLeft UIInterfaceOrientationLandscapeRight";
				LD_RUNPATH_SEARCH_PATHS = (
					"$(inherited)",
					"@executable_path/Frameworks",
				);
				MARKETING_VERSION = 1.0;
				PRODUCT_BUNDLE_IDENTIFIER = bayualif.LostAndfound;
				PRODUCT_NAME = "$(TARGET_NAME)";
				SWIFT_EMIT_LOC_STRINGS = YES;
				SWIFT_VERSION = 5.0;
				TARGETED_DEVICE_FAMILY = "1,2";
			};
			name = Debug;
		};
		11D8A8AB2A60FCB100C71BAC /* Release */ = {
			isa = XCBuildConfiguration;
			buildSettings = {
				ASSETCATALOG_COMPILER_APPICON_NAME = AppIcon;
				ASSETCATALOG_COMPILER_GLOBAL_ACCENT_COLOR_NAME = AccentColor;
				CODE_SIGN_STYLE = Automatic;
				CURRENT_PROJECT_VERSION = 1;
				DEVELOPMENT_ASSET_PATHS = "\"LostAndfound/Preview Content\"";
				DEVELOPMENT_TEAM = YFKGQ4XFH3;
				ENABLE_PREVIEWS = YES;
				GENERATE_INFOPLIST_FILE = YES;
				INFOPLIST_FILE = LostAndfound/Info.plist;
				INFOPLIST_KEY_UIApplicationSceneManifest_Generation = YES;
				INFOPLIST_KEY_UIApplicationSupportsIndirectInputEvents = YES;
				INFOPLIST_KEY_UILaunchScreen_Generation = YES;
				INFOPLIST_KEY_UISupportedInterfaceOrientations_iPad = "UIInterfaceOrientationPortrait UIInterfaceOrientationPortraitUpsideDown UIInterfaceOrientationLandscapeLeft UIInterfaceOrientationLandscapeRight";
				INFOPLIST_KEY_UISupportedInterfaceOrientations_iPhone = "UIInterfaceOrientationPortrait UIInterfaceOrientationLandscapeLeft UIInterfaceOrientationLandscapeRight";
				LD_RUNPATH_SEARCH_PATHS = (
					"$(inherited)",
					"@executable_path/Frameworks",
				);
				MARKETING_VERSION = 1.0;
				PRODUCT_BUNDLE_IDENTIFIER = bayualif.LostAndfound;
				PRODUCT_NAME = "$(TARGET_NAME)";
				SWIFT_EMIT_LOC_STRINGS = YES;
				SWIFT_VERSION = 5.0;
				TARGETED_DEVICE_FAMILY = "1,2";
			};
			name = Release;
		};
/* End XCBuildConfiguration section */

/* Begin XCConfigurationList section */
		11D8A8962A60FCB000C71BAC /* Build configuration list for PBXProject "LostAndfound" */ = {
			isa = XCConfigurationList;
			buildConfigurations = (
				11D8A8A72A60FCB100C71BAC /* Debug */,
				11D8A8A82A60FCB100C71BAC /* Release */,
			);
			defaultConfigurationIsVisible = 0;
			defaultConfigurationName = Release;
		};
		11D8A8A92A60FCB100C71BAC /* Build configuration list for PBXNativeTarget "LostAndfound" */ = {
			isa = XCConfigurationList;
			buildConfigurations = (
				11D8A8AA2A60FCB100C71BAC /* Debug */,
				11D8A8AB2A60FCB100C71BAC /* Release */,
			);
			defaultConfigurationIsVisible = 0;
			defaultConfigurationName = Release;
		};
/* End XCConfigurationList section */

/* Begin XCRemoteSwiftPackageReference section */
		DBF4175B2A6819DB00E70C2F /* XCRemoteSwiftPackageReference "firebase-ios-sdk" */ = {
			isa = XCRemoteSwiftPackageReference;
			repositoryURL = "https://github.com/firebase/firebase-ios-sdk";
			requirement = {
				kind = upToNextMajorVersion;
				minimumVersion = 10.0.0;
			};
		};
/* End XCRemoteSwiftPackageReference section */

/* Begin XCSwiftPackageProductDependency section */
		DBF4175C2A6819DB00E70C2F /* FirebaseAnalytics */ = {
			isa = XCSwiftPackageProductDependency;
			package = DBF4175B2A6819DB00E70C2F /* XCRemoteSwiftPackageReference "firebase-ios-sdk" */;
			productName = FirebaseAnalytics;
		};
		DBF4175E2A6819DB00E70C2F /* FirebaseAnalyticsSwift */ = {
			isa = XCSwiftPackageProductDependency;
			package = DBF4175B2A6819DB00E70C2F /* XCRemoteSwiftPackageReference "firebase-ios-sdk" */;
			productName = FirebaseAnalyticsSwift;
		};
		DBF417602A6819DB00E70C2F /* FirebaseDatabase */ = {
			isa = XCSwiftPackageProductDependency;
			package = DBF4175B2A6819DB00E70C2F /* XCRemoteSwiftPackageReference "firebase-ios-sdk" */;
			productName = FirebaseDatabase;
		};
		DBF417622A6819DB00E70C2F /* FirebaseDatabaseSwift */ = {
			isa = XCSwiftPackageProductDependency;
			package = DBF4175B2A6819DB00E70C2F /* XCRemoteSwiftPackageReference "firebase-ios-sdk" */;
			productName = FirebaseDatabaseSwift;
		};
		DBF417642A6819DB00E70C2F /* FirebaseFirestore */ = {
			isa = XCSwiftPackageProductDependency;
			package = DBF4175B2A6819DB00E70C2F /* XCRemoteSwiftPackageReference "firebase-ios-sdk" */;
			productName = FirebaseFirestore;
		};
		DBF417662A6819DB00E70C2F /* FirebaseFirestoreSwift */ = {
			isa = XCSwiftPackageProductDependency;
			package = DBF4175B2A6819DB00E70C2F /* XCRemoteSwiftPackageReference "firebase-ios-sdk" */;
			productName = FirebaseFirestoreSwift;
		};
		DBF417682A6819DB00E70C2F /* FirebaseStorage */ = {
			isa = XCSwiftPackageProductDependency;
			package = DBF4175B2A6819DB00E70C2F /* XCRemoteSwiftPackageReference "firebase-ios-sdk" */;
			productName = FirebaseStorage;
		};
		DBF4176A2A6819DB00E70C2F /* FirebaseStorageCombine-Community */ = {
			isa = XCSwiftPackageProductDependency;
			package = DBF4175B2A6819DB00E70C2F /* XCRemoteSwiftPackageReference "firebase-ios-sdk" */;
			productName = "FirebaseStorageCombine-Community";
		};
/* End XCSwiftPackageProductDependency section */
	};
	rootObject = 11D8A8932A60FCB000C71BAC /* Project object */;
}
